NeoBundleLock YouCompleteMe fc4e326ab6342a40d746b4669766df6086a2413c
NeoBundleLock ack.vim eede0425f50d92be89ee8fb4560a5afb707c2a54
NeoBundleLock neobundle.vim 88951d60547595606ea0ca8f28f643d2506f2714
NeoBundleLock rust.vim 59e5e2f8b7df21eb438124b95c7295da9c53e1d7
NeoBundleLock vim-airline b97d7a11f42ef517c7f72b279fb28a52cc09e5fa
NeoBundleLock vim-fugitive 58ed86e434951319ff7d438fb1096f24a51e6458
NeoBundleLock vim-gitgutter 1742a8f568df549f4daeda90174b54d0c371501f
